
Microsoft Visual Studio Solution File, Format Version 12.00
# Visual Studio Version 16
VisualStudioVersion = 16.0.31129.286
MinimumVisualStudioVersion = 10.0.40219.1
Project("{FAE04EC0-301F-11D3-BF4B-00C04F79EFBC}") = "FilmUygulama", "FilmUygulama\FilmUygulama.csproj", "{5CE1AD53-DBFB-4178-88A0-06BD727B97F9}"
EndProject
Global
	GlobalSection(SolutionConfigurationPlatforms) = preSolution
		Debug|Any CPU = Debug|Any CPU
		Release|Any CPU = Release|Any CPU
	EndGlobalSection
	GlobalSection(ProjectConfigurationPlatforms) = postSolution
		{5CE1AD53-DBFB-4178-88A0-06BD727B97F9}.Debug|Any CPU.ActiveCfg = Debug|Any CPU
		{5CE1AD53-DBFB-4178-88A0-06BD727B97F9}.Debug|Any CPU.Build.0 = Debug|Any CPU
		{5CE1AD53-DBFB-4178-88A0-06BD727B97F9}.Release|Any CPU.ActiveCfg = Release|Any CPU
		{5CE1AD53-DBFB-4178-88A0-06BD727B97F9}.Release|Any CPU.Build.0 = Release|Any CPU
	EndGlobalSection
	GlobalSection(SolutionProperties) = preSolution
		HideSolutionNode = FALSE
	EndGlobalSection
	GlobalSection(ExtensibilityGlobals) = postSolution
		SolutionGuid = {1B5968B5-581B-48E1-9883-238D73C13CF8}
	EndGlobalSection
EndGlobal
